
Microsoft Visual Studio Solution File, Format Version 12.00
# Visual Studio 2015
Project("{FAE04EC0-301F-11D3-BF4B-00C04F79EFBC}") = "GameJamGame.Plugins", "GameJamGame.Plugins.csproj", "{A1AA0621-78F4-B19C-9D08-61BE35EFA405}"
EndProject
Project("{FAE04EC0-301F-11D3-BF4B-00C04F79EFBC}") = "GameJamGame", "GameJamGame.csproj", "{5E2AAD67-C944-83ED-E24A-229B8AD5A279}"
EndProject
Project("{FAE04EC0-301F-11D3-BF4B-00C04F79EFBC}") = "GameJamGame.Editor.Plugins", "GameJamGame.Editor.Plugins.csproj", "{B5986A51-FAC6-4DA2-6B9A-33BF2AB0341A}"
EndProject
Global
	GlobalSection(SolutionConfigurationPlatforms) = preSolution
		Debug|Any CPU = Debug|Any CPU
		Release|Any CPU = Release|Any CPU
	EndGlobalSection
	GlobalSection(ProjectConfigurationPlatforms) = postSolution
		{A1AA0621-78F4-B19C-9D08-61BE35EFA405}.Debug|Any CPU.ActiveCfg = Debug|Any CPU
		{A1AA0621-78F4-B19C-9D08-61BE35EFA405}.Debug|Any CPU.Build.0 = Debug|Any CPU
		{A1AA0621-78F4-B19C-9D08-61BE35EFA405}.Release|Any CPU.ActiveCfg = Release|Any CPU
		{A1AA0621-78F4-B19C-9D08-61BE35EFA405}.Release|Any CPU.Build.0 = Release|Any CPU
		{5E2AAD67-C944-83ED-E24A-229B8AD5A279}.Debug|Any CPU.ActiveCfg = Debug|Any CPU
		{5E2AAD67-C944-83ED-E24A-229B8AD5A279}.Debug|Any CPU.Build.0 = Debug|Any CPU
		{5E2AAD67-C944-83ED-E24A-229B8AD5A279}.Release|Any CPU.ActiveCfg = Release|Any CPU
		{5E2AAD67-C944-83ED-E24A-229B8AD5A279}.Release|Any CPU.Build.0 = Release|Any CPU
		{B5986A51-FAC6-4DA2-6B9A-33BF2AB0341A}.Debug|Any CPU.ActiveCfg = Debug|Any CPU
		{B5986A51-FAC6-4DA2-6B9A-33BF2AB0341A}.Debug|Any CPU.Build.0 = Debug|Any CPU
		{B5986A51-FAC6-4DA2-6B9A-33BF2AB0341A}.Release|Any CPU.ActiveCfg = Release|Any CPU
		{B5986A51-FAC6-4DA2-6B9A-33BF2AB0341A}.Release|Any CPU.Build.0 = Release|Any CPU
	EndGlobalSection
	GlobalSection(SolutionProperties) = preSolution
		HideSolutionNode = FALSE
	EndGlobalSection
EndGlobal
